<?xml version="1.0" encoding="utf-8"?>
<Project ToolsVersion="4.0" xmlns="http://schemas.microsoft.com/developer/msbuild/2003">
  <ItemGroup>
    <ClCompile Include="AdventOfCode2019.cpp" />
  </ItemGroup>
  <ItemGroup>
    <ClInclude Include="inputReader.h" />
    <ClInclude Include="Day01\Day01.h">
      <Filter>Day01</Filter>
    </ClInclude>
    <ClInclude Include="Day02\Day02.h">
      <Filter>Day02</Filter>
    </ClInclude>
    <ClInclude Include="Day03\Day03.h">
      <Filter>Day03</Filter>
    </ClInclude>
    <ClInclude Include="Day04\Day04.h">
      <Filter>Day04</Filter>
    </ClInclude>
    <ClInclude Include="IntcodeComputer.h" />
  </ItemGroup>
  <ItemGroup>
    <Filter Include="Day01">
      <UniqueIdentifier>{f85ff722-36fe-4dc9-97f8-6755b3d94016}</UniqueIdentifier>
    </Filter>
    <Filter Include="Day02">
      <UniqueIdentifier>{735b665f-1af7-4836-bcc1-0d11255d2a5e}</UniqueIdentifier>
    </Filter>
    <Filter Include="Day03">
      <UniqueIdentifier>{ac526cfb-dc91-4078-a8b7-63571b37d786}</UniqueIdentifier>
    </Filter>
    <Filter Include="Day04">
      <UniqueIdentifier>{f66cb1d2-e788-4069-84ce-18254d4f457e}</UniqueIdentifier>
    </Filter>
  </ItemGroup>
  <ItemGroup>
    <CopyFileToFolders Include="Day01\Day01.txt">
      <Filter>Day01</Filter>
    </CopyFileToFolders>
    <CopyFileToFolders Include="Day02\Day02.txt">
      <Filter>Day02</Filter>
    </CopyFileToFolders>
  </ItemGroup>
  <ItemGroup>
    <Text Include="Test.txt" />
    <Text Include="Day03\Day03.txt">
      <Filter>Day03</Filter>
    </Text>
  </ItemGroup>
</Project>